
Microsoft Visual Studio Solution File, Format Version 12.00
# Visual Studio Version 17
VisualStudioVersion = 17.13.35919.96 d17.13
MinimumVisualStudioVersion = 10.0.40219.1
Project("{FAE04EC0-301F-11D3-BF4B-00C04F79EFBC}") = "Dsw2025Ej14.Api", "Dsw2025Ej14.Api\Dsw2025Ej14.Api.csproj", "{755DC744-4C5E-4072-AE90-EC0B7DAC2B5A}"
EndProject
Global
	GlobalSection(SolutionConfigurationPlatforms) = preSolution
		Debug|Any CPU = Debug|Any CPU
		Release|Any CPU = Release|Any CPU
	EndGlobalSection
	GlobalSection(ProjectConfigurationPlatforms) = postSolution
		{755DC744-4C5E-4072-AE90-EC0B7DAC2B5A}.Debug|Any CPU.ActiveCfg = Debug|Any CPU
		{755DC744-4C5E-4072-AE90-EC0B7DAC2B5A}.Debug|Any CPU.Build.0 = Debug|Any CPU
		{755DC744-4C5E-4072-AE90-EC0B7DAC2B5A}.Release|Any CPU.ActiveCfg = Release|Any CPU
		{755DC744-4C5E-4072-AE90-EC0B7DAC2B5A}.Release|Any CPU.Build.0 = Release|Any CPU
	EndGlobalSection
	GlobalSection(SolutionProperties) = preSolution
		HideSolutionNode = FALSE
	EndGlobalSection
	GlobalSection(ExtensibilityGlobals) = postSolution
		SolutionGuid = {FA3D80A5-889E-4A55-B9AE-06280CC3D17D}
	EndGlobalSection
EndGlobal
